
Microsoft Visual Studio Solution File, Format Version 12.00
# Visual Studio Version 16
VisualStudioVersion = 16.0.29403.142
MinimumVisualStudioVersion = 10.0.40219.1
Project("{FAE04EC0-301F-11D3-BF4B-00C04F79EFBC}") = "UnitTestApp", "UnitTestApp\UnitTestApp.csproj", "{63D56041-5E90-4605-A8B0-5C1C1F30815C}"
EndProject
Project("{9A19103F-16F7-4668-BE54-9A1E7A4F7556}") = "PointSystem", "..\..\PointSystem\PointSystem.csproj", "{805E4CA1-40CE-4A67-B14F-AFAB75BC6790}"
EndProject
Project("{FAE04EC0-301F-11D3-BF4B-00C04F79EFBC}") = "XUnitTestProject1", "XUnitTestProject1\XUnitTestProject1.csproj", "{50C6CCE4-82BE-4BD3-9332-81E1C147ED3C}"
EndProject
Global
	GlobalSection(SolutionConfigurationPlatforms) = preSolution
		Debug|Any CPU = Debug|Any CPU
		Release|Any CPU = Release|Any CPU
	EndGlobalSection
	GlobalSection(ProjectConfigurationPlatforms) = postSolution
		{63D56041-5E90-4605-A8B0-5C1C1F30815C}.Debug|Any CPU.ActiveCfg = Debug|Any CPU
		{63D56041-5E90-4605-A8B0-5C1C1F30815C}.Debug|Any CPU.Build.0 = Debug|Any CPU
		{63D56041-5E90-4605-A8B0-5C1C1F30815C}.Release|Any CPU.ActiveCfg = Release|Any CPU
		{63D56041-5E90-4605-A8B0-5C1C1F30815C}.Release|Any CPU.Build.0 = Release|Any CPU
		{805E4CA1-40CE-4A67-B14F-AFAB75BC6790}.Debug|Any CPU.ActiveCfg = Debug|Any CPU
		{805E4CA1-40CE-4A67-B14F-AFAB75BC6790}.Debug|Any CPU.Build.0 = Debug|Any CPU
		{805E4CA1-40CE-4A67-B14F-AFAB75BC6790}.Release|Any CPU.ActiveCfg = Release|Any CPU
		{805E4CA1-40CE-4A67-B14F-AFAB75BC6790}.Release|Any CPU.Build.0 = Release|Any CPU
		{50C6CCE4-82BE-4BD3-9332-81E1C147ED3C}.Debug|Any CPU.ActiveCfg = Debug|Any CPU
		{50C6CCE4-82BE-4BD3-9332-81E1C147ED3C}.Debug|Any CPU.Build.0 = Debug|Any CPU
		{50C6CCE4-82BE-4BD3-9332-81E1C147ED3C}.Release|Any CPU.ActiveCfg = Release|Any CPU
		{50C6CCE4-82BE-4BD3-9332-81E1C147ED3C}.Release|Any CPU.Build.0 = Release|Any CPU
	EndGlobalSection
	GlobalSection(SolutionProperties) = preSolution
		HideSolutionNode = FALSE
	EndGlobalSection
	GlobalSection(ExtensibilityGlobals) = postSolution
		SolutionGuid = {12651F98-6B66-406B-BA4C-0AD2674F5853}
	EndGlobalSection
EndGlobal
